// !$*UTF8*$!
{
	archiveVersion = 1;
	classes = {
	};
	objectVersion = 56;
	objects = {

/* Begin PBXBuildFile section */
		1D116BFC2A7B899200E01570 /* ChangePasswordViewController.swift in Sources */ = {isa = PBXBuildFile; fileRef = 1D116BFB2A7B899200E01570 /* ChangePasswordViewController.swift */; };
		1D116C002A7D48B100E01570 /* TextFieldWithPadding.swift in Sources */ = {isa = PBXBuildFile; fileRef = 1D116BFF2A7D48B100E01570 /* TextFieldWithPadding.swift */; };
		1D116C042A7D498C00E01570 /* SignInViewController.swift in Sources */ = {isa = PBXBuildFile; fileRef = 1D116C032A7D498C00E01570 /* SignInViewController.swift */; };
		1D2C52342A7A2E0400EB6A24 /* PersonalDataViewController.swift in Sources */ = {isa = PBXBuildFile; fileRef = 1D2C52332A7A2E0400EB6A24 /* PersonalDataViewController.swift */; };
		1D2C52362A7A8A0800EB6A24 /* LogOutViewController.swift in Sources */ = {isa = PBXBuildFile; fileRef = 1D2C52352A7A8A0800EB6A24 /* LogOutViewController.swift */; };
		1D5F93202A6A9E3200A4EECF /* AppDelegate.swift in Sources */ = {isa = PBXBuildFile; fileRef = 1D5F931F2A6A9E3200A4EECF /* AppDelegate.swift */; };
		1D5F93222A6A9E3200A4EECF /* SceneDelegate.swift in Sources */ = {isa = PBXBuildFile; fileRef = 1D5F93212A6A9E3200A4EECF /* SceneDelegate.swift */; };
		1D5F93242A6A9E3200A4EECF /* ViewController.swift in Sources */ = {isa = PBXBuildFile; fileRef = 1D5F93232A6A9E3200A4EECF /* ViewController.swift */; };
		1D5F93272A6A9E3200A4EECF /* Main.storyboard in Resources */ = {isa = PBXBuildFile; fileRef = 1D5F93252A6A9E3200A4EECF /* Main.storyboard */; };
		1D5F93292A6A9E3300A4EECF /* Assets.xcassets in Resources */ = {isa = PBXBuildFile; fileRef = 1D5F93282A6A9E3300A4EECF /* Assets.xcassets */; };
		1D5F932C2A6A9E3300A4EECF /* LaunchScreen.storyboard in Resources */ = {isa = PBXBuildFile; fileRef = 1D5F932A2A6A9E3300A4EECF /* LaunchScreen.storyboard */; };
		1D5F93342A6AA24600A4EECF /* TabBar.swift in Sources */ = {isa = PBXBuildFile; fileRef = 1D5F93332A6AA24600A4EECF /* TabBar.swift */; };
		1D5F93382A6AC12A00A4EECF /* SF-Pro-Display-Semibold.otf in Resources */ = {isa = PBXBuildFile; fileRef = 1D5F93372A6AC10400A4EECF /* SF-Pro-Display-Semibold.otf */; };
		1D5F93392A6AC12D00A4EECF /* SFProDisplay-Regular.ttf in Resources */ = {isa = PBXBuildFile; fileRef = 1D5F93362A6AC10400A4EECF /* SFProDisplay-Regular.ttf */; };
		1D5F933A2A6AC12F00A4EECF /* SFProDisplay-Bold.ttf in Resources */ = {isa = PBXBuildFile; fileRef = 1D5F93352A6AC10400A4EECF /* SFProDisplay-Bold.ttf */; };
		1D5F933D2A6AC96E00A4EECF /* FavoritesTableViewController.swift in Sources */ = {isa = PBXBuildFile; fileRef = 1D5F933C2A6AC96E00A4EECF /* FavoritesTableViewController.swift */; };
		1D5F933F2A6AC9DF00A4EECF /* MovieTableViewCell.swift in Sources */ = {isa = PBXBuildFile; fileRef = 1D5F933E2A6AC9DF00A4EECF /* MovieTableViewCell.swift */; };
		1D66B9B42A74067700D4F6ED /* ProfileViewController.swift in Sources */ = {isa = PBXBuildFile; fileRef = 1D66B9B32A74067700D4F6ED /* ProfileViewController.swift */; };
		1D66B9B62A7406B000D4F6ED /* LanguageViewController.swift in Sources */ = {isa = PBXBuildFile; fileRef = 1D66B9B52A7406B000D4F6ED /* LanguageViewController.swift */; };
		1D66B9B92A77F21A00D4F6ED /* Localizable.strings in Resources */ = {isa = PBXBuildFile; fileRef = 1D66B9BB2A77F21A00D4F6ED /* Localizable.strings */; };
		E7CA5313D886B203083FB01D /* Pods_OZINSHE.framework in Frameworks */ = {isa = PBXBuildFile; fileRef = 4E6EAB6B96DC87ADF2F1B859 /* Pods_OZINSHE.framework */; };
/* End PBXBuildFile section */

/* Begin PBXFileReference section */
		00614CC15507736AFF21919E /* Pods-OZINSHE.debug.xcconfig */ = {isa = PBXFileReference; includeInIndex = 1; lastKnownFileType = text.xcconfig; name = "Pods-OZINSHE.debug.xcconfig"; path = "Target Support Files/Pods-OZINSHE/Pods-OZINSHE.debug.xcconfig"; sourceTree = "<group>"; };
		1D116BFB2A7B899200E01570 /* ChangePasswordViewController.swift */ = {isa = PBXFileReference; lastKnownFileType = sourcecode.swift; path = ChangePasswordViewController.swift; sourceTree = "<group>"; };
		1D116BFF2A7D48B100E01570 /* TextFieldWithPadding.swift */ = {isa = PBXFileReference; lastKnownFileType = sourcecode.swift; path = TextFieldWithPadding.swift; sourceTree = "<group>"; };
		1D116C032A7D498C00E01570 /* SignInViewController.swift */ = {isa = PBXFileReference; lastKnownFileType = sourcecode.swift; path = SignInViewController.swift; sourceTree = "<group>"; };
		1D2C52332A7A2E0400EB6A24 /* PersonalDataViewController.swift */ = {isa = PBXFileReference; lastKnownFileType = sourcecode.swift; path = PersonalDataViewController.swift; sourceTree = "<group>"; };
		1D2C52352A7A8A0800EB6A24 /* LogOutViewController.swift */ = {isa = PBXFileReference; lastKnownFileType = sourcecode.swift; path = LogOutViewController.swift; sourceTree = "<group>"; };
		1D5F931C2A6A9E3200A4EECF /* OZINSHE.app */ = {isa = PBXFileReference; explicitFileType = wrapper.application; includeInIndex = 0; path = OZINSHE.app; sourceTree = BUILT_PRODUCTS_DIR; };
		1D5F931F2A6A9E3200A4EECF /* AppDelegate.swift */ = {isa = PBXFileReference; lastKnownFileType = sourcecode.swift; path = AppDelegate.swift; sourceTree = "<group>"; };
		1D5F93212A6A9E3200A4EECF /* SceneDelegate.swift */ = {isa = PBXFileReference; lastKnownFileType = sourcecode.swift; path = SceneDelegate.swift; sourceTree = "<group>"; };
		1D5F93232A6A9E3200A4EECF /* ViewController.swift */ = {isa = PBXFileReference; lastKnownFileType = sourcecode.swift; path = ViewController.swift; sourceTree = "<group>"; };
		1D5F93262A6A9E3200A4EECF /* Base */ = {isa = PBXFileReference; lastKnownFileType = file.storyboard; name = Base; path = Base.lproj/Main.storyboard; sourceTree = "<group>"; };
		1D5F93282A6A9E3300A4EECF /* Assets.xcassets */ = {isa = PBXFileReference; lastKnownFileType = folder.assetcatalog; path = Assets.xcassets; sourceTree = "<group>"; };
		1D5F932B2A6A9E3300A4EECF /* Base */ = {isa = PBXFileReference; lastKnownFileType = file.storyboard; name = Base; path = Base.lproj/LaunchScreen.storyboard; sourceTree = "<group>"; };
		1D5F932D2A6A9E3300A4EECF /* Info.plist */ = {isa = PBXFileReference; lastKnownFileType = text.plist.xml; path = Info.plist; sourceTree = "<group>"; };
		1D5F93332A6AA24600A4EECF /* TabBar.swift */ = {isa = PBXFileReference; lastKnownFileType = sourcecode.swift; path = TabBar.swift; sourceTree = "<group>"; };
		1D5F93352A6AC10400A4EECF /* SFProDisplay-Bold.ttf */ = {isa = PBXFileReference; lastKnownFileType = file; path = "SFProDisplay-Bold.ttf"; sourceTree = "<group>"; };
		1D5F93362A6AC10400A4EECF /* SFProDisplay-Regular.ttf */ = {isa = PBXFileReference; lastKnownFileType = file; path = "SFProDisplay-Regular.ttf"; sourceTree = "<group>"; };
		1D5F93372A6AC10400A4EECF /* SF-Pro-Display-Semibold.otf */ = {isa = PBXFileReference; lastKnownFileType = file; path = "SF-Pro-Display-Semibold.otf"; sourceTree = "<group>"; };
		1D5F933C2A6AC96E00A4EECF /* FavoritesTableViewController.swift */ = {isa = PBXFileReference; lastKnownFileType = sourcecode.swift; path = FavoritesTableViewController.swift; sourceTree = "<group>"; };
		1D5F933E2A6AC9DF00A4EECF /* MovieTableViewCell.swift */ = {isa = PBXFileReference; lastKnownFileType = sourcecode.swift; path = MovieTableViewCell.swift; sourceTree = "<group>"; };
		1D66B9B32A74067700D4F6ED /* ProfileViewController.swift */ = {isa = PBXFileReference; lastKnownFileType = sourcecode.swift; path = ProfileViewController.swift; sourceTree = "<group>"; };
		1D66B9B52A7406B000D4F6ED /* LanguageViewController.swift */ = {isa = PBXFileReference; lastKnownFileType = sourcecode.swift; path = LanguageViewController.swift; sourceTree = "<group>"; };
		1D66B9BA2A77F21A00D4F6ED /* en */ = {isa = PBXFileReference; lastKnownFileType = text.plist.strings; name = en; path = en.lproj/Localizable.strings; sourceTree = "<group>"; };
		1D66B9BC2A77F27500D4F6ED /* ru */ = {isa = PBXFileReference; lastKnownFileType = text.plist.strings; name = ru; path = ru.lproj/Localizable.strings; sourceTree = "<group>"; };
		1D66B9BD2A77F2AA00D4F6ED /* kk */ = {isa = PBXFileReference; lastKnownFileType = text.plist.strings; name = kk; path = kk.lproj/Localizable.strings; sourceTree = "<group>"; };
		4E6EAB6B96DC87ADF2F1B859 /* Pods_OZINSHE.framework */ = {isa = PBXFileReference; explicitFileType = wrapper.framework; includeInIndex = 0; path = Pods_OZINSHE.framework; sourceTree = BUILT_PRODUCTS_DIR; };
		84D0F2518D8341EBDF5A1D49 /* Pods-OZINSHE.release.xcconfig */ = {isa = PBXFileReference; includeInIndex = 1; lastKnownFileType = text.xcconfig; name = "Pods-OZINSHE.release.xcconfig"; path = "Target Support Files/Pods-OZINSHE/Pods-OZINSHE.release.xcconfig"; sourceTree = "<group>"; };
/* End PBXFileReference section */

/* Begin PBXFrameworksBuildPhase section */
		1D5F93192A6A9E3200A4EECF /* Frameworks */ = {
			isa = PBXFrameworksBuildPhase;
			buildActionMask = 2147483647;
			files = (
				E7CA5313D886B203083FB01D /* Pods_OZINSHE.framework in Frameworks */,
			);
			runOnlyForDeploymentPostprocessing = 0;
		};
/* End PBXFrameworksBuildPhase section */

/* Begin PBXGroup section */
		1D116C012A7D492400E01570 /* Controllers */ = {
			isa = PBXGroup;
			children = (
				1D116C022A7D495400E01570 /* Profile */,
				1D116C032A7D498C00E01570 /* SignInViewController.swift */,
				1D5F93332A6AA24600A4EECF /* TabBar.swift */,
				1D5F93232A6A9E3200A4EECF /* ViewController.swift */,
				1D5F933C2A6AC96E00A4EECF /* FavoritesTableViewController.swift */,
				1D5F933E2A6AC9DF00A4EECF /* MovieTableViewCell.swift */,
			);
			path = Controllers;
			sourceTree = "<group>";
		};
		1D116C022A7D495400E01570 /* Profile */ = {
			isa = PBXGroup;
			children = (
				1D66B9B52A7406B000D4F6ED /* LanguageViewController.swift */,
				1D66B9B32A74067700D4F6ED /* ProfileViewController.swift */,
				1D2C52332A7A2E0400EB6A24 /* PersonalDataViewController.swift */,
				1D2C52352A7A8A0800EB6A24 /* LogOutViewController.swift */,
				1D116BFB2A7B899200E01570 /* ChangePasswordViewController.swift */,
			);
			path = Profile;
			sourceTree = "<group>";
		};
		1D5F93132A6A9E3200A4EECF = {
			isa = PBXGroup;
			children = (
				1D5F931E2A6A9E3200A4EECF /* OZINSHE */,
				1D5F931D2A6A9E3200A4EECF /* Products */,
				4268FE1614669A45B5507BEA /* Pods */,
				FC4FD5D624337A796842F1A4 /* Frameworks */,
			);
			sourceTree = "<group>";
		};
		1D5F931D2A6A9E3200A4EECF /* Products */ = {
			isa = PBXGroup;
			children = (
				1D5F931C2A6A9E3200A4EECF /* OZINSHE.app */,
			);
			name = Products;
			sourceTree = "<group>";
		};
		1D5F931E2A6A9E3200A4EECF /* OZINSHE */ = {
			isa = PBXGroup;
			children = (
				1D5F933B2A6AC14500A4EECF /* Fonts */,
				1D116C012A7D492400E01570 /* Controllers */,
				1D5F931F2A6A9E3200A4EECF /* AppDelegate.swift */,
				1D5F93212A6A9E3200A4EECF /* SceneDelegate.swift */,
				1D5F93252A6A9E3200A4EECF /* Main.storyboard */,
				1D5F93282A6A9E3300A4EECF /* Assets.xcassets */,
				1D5F932A2A6A9E3300A4EECF /* LaunchScreen.storyboard */,
				1D5F932D2A6A9E3300A4EECF /* Info.plist */,
				1D66B9BB2A77F21A00D4F6ED /* Localizable.strings */,
				1D116BFF2A7D48B100E01570 /* TextFieldWithPadding.swift */,
			);
			path = OZINSHE;
			sourceTree = "<group>";
		};
		1D5F933B2A6AC14500A4EECF /* Fonts */ = {
			isa = PBXGroup;
			children = (
				1D5F93362A6AC10400A4EECF /* SFProDisplay-Regular.ttf */,
				1D5F93352A6AC10400A4EECF /* SFProDisplay-Bold.ttf */,
				1D5F93372A6AC10400A4EECF /* SF-Pro-Display-Semibold.otf */,
			);
			path = Fonts;
			sourceTree = "<group>";
		};
		4268FE1614669A45B5507BEA /* Pods */ = {
			isa = PBXGroup;
			children = (
				00614CC15507736AFF21919E /* Pods-OZINSHE.debug.xcconfig */,
				84D0F2518D8341EBDF5A1D49 /* Pods-OZINSHE.release.xcconfig */,
			);
			path = Pods;
			sourceTree = "<group>";
		};
		FC4FD5D624337A796842F1A4 /* Frameworks */ = {
			isa = PBXGroup;
			children = (
				4E6EAB6B96DC87ADF2F1B859 /* Pods_OZINSHE.framework */,
			);
			name = Frameworks;
			sourceTree = "<group>";
		};
/* End PBXGroup section */

/* Begin PBXNativeTarget section */
		1D5F931B2A6A9E3200A4EECF /* OZINSHE */ = {
			isa = PBXNativeTarget;
			buildConfigurationList = 1D5F93302A6A9E3300A4EECF /* Build configuration list for PBXNativeTarget "OZINSHE" */;
			buildPhases = (
				705353128223B6B3F092E63D /* [CP] Check Pods Manifest.lock */,
				1D5F93182A6A9E3200A4EECF /* Sources */,
				1D5F93192A6A9E3200A4EECF /* Frameworks */,
				1D5F931A2A6A9E3200A4EECF /* Resources */,
				1584597DB975BD01EED240F9 /* [CP] Embed Pods Frameworks */,
			);
			buildRules = (
			);
			dependencies = (
			);
			name = OZINSHE;
			productName = OZINSHE;
			productReference = 1D5F931C2A6A9E3200A4EECF /* OZINSHE.app */;
			productType = "com.apple.product-type.application";
		};
/* End PBXNativeTarget section */

/* Begin PBXProject section */
		1D5F93142A6A9E3200A4EECF /* Project object */ = {
			isa = PBXProject;
			attributes = {
				BuildIndependentTargetsInParallel = 1;
				LastSwiftUpdateCheck = 1430;
				LastUpgradeCheck = 1430;
				TargetAttributes = {
					1D5F931B2A6A9E3200A4EECF = {
						CreatedOnToolsVersion = 14.3;
					};
				};
			};
			buildConfigurationList = 1D5F93172A6A9E3200A4EECF /* Build configuration list for PBXProject "OZINSHE" */;
			compatibilityVersion = "Xcode 14.0";
			developmentRegion = en;
			hasScannedForEncodings = 0;
			knownRegions = (
				en,
				Base,
				ru,
				kk,
			);
			mainGroup = 1D5F93132A6A9E3200A4EECF;
			productRefGroup = 1D5F931D2A6A9E3200A4EECF /* Products */;
			projectDirPath = "";
			projectRoot = "";
			targets = (
				1D5F931B2A6A9E3200A4EECF /* OZINSHE */,
			);
		};
/* End PBXProject section */

/* Begin PBXResourcesBuildPhase section */
		1D5F931A2A6A9E3200A4EECF /* Resources */ = {
			isa = PBXResourcesBuildPhase;
			buildActionMask = 2147483647;
			files = (
				1D5F93382A6AC12A00A4EECF /* SF-Pro-Display-Semibold.otf in Resources */,
				1D5F932C2A6A9E3300A4EECF /* LaunchScreen.storyboard in Resources */,
				1D5F93292A6A9E3300A4EECF /* Assets.xcassets in Resources */,
				1D66B9B92A77F21A00D4F6ED /* Localizable.strings in Resources */,
				1D5F933A2A6AC12F00A4EECF /* SFProDisplay-Bold.ttf in Resources */,
				1D5F93392A6AC12D00A4EECF /* SFProDisplay-Regular.ttf in Resources */,
				1D5F93272A6A9E3200A4EECF /* Main.storyboard in Resources */,
			);
			runOnlyForDeploymentPostprocessing = 0;
		};
/* End PBXResourcesBuildPhase section */

/* Begin PBXShellScriptBuildPhase section */
		1584597DB975BD01EED240F9 /* [CP] Embed Pods Frameworks */ = {
			isa = PBXShellScriptBuildPhase;
			buildActionMask = 2147483647;
			files = (
			);
			inputFileListPaths = (
				"${PODS_ROOT}/Target Support Files/Pods-OZINSHE/Pods-OZINSHE-frameworks-${CONFIGURATION}-input-files.xcfilelist",
			);
			name = "[CP] Embed Pods Frameworks";
			outputFileListPaths = (
				"${PODS_ROOT}/Target Support Files/Pods-OZINSHE/Pods-OZINSHE-frameworks-${CONFIGURATION}-output-files.xcfilelist",
			);
			runOnlyForDeploymentPostprocessing = 0;
			shellPath = /bin/sh;
			shellScript = "\"${PODS_ROOT}/Target Support Files/Pods-OZINSHE/Pods-OZINSHE-frameworks.sh\"\n";
			showEnvVarsInLog = 0;
		};
		705353128223B6B3F092E63D /* [CP] Check Pods Manifest.lock */ = {
			isa = PBXShellScriptBuildPhase;
			buildActionMask = 2147483647;
			files = (
			);
			inputFileListPaths = (
			);
			inputPaths = (
				"${PODS_PODFILE_DIR_PATH}/Podfile.lock",
				"${PODS_ROOT}/Manifest.lock",
			);
			name = "[CP] Check Pods Manifest.lock";
			outputFileListPaths = (
			);
			outputPaths = (
				"$(DERIVED_FILE_DIR)/Pods-OZINSHE-checkManifestLockResult.txt",
			);
			runOnlyForDeploymentPostprocessing = 0;
			shellPath = /bin/sh;
			shellScript = "diff \"${PODS_PODFILE_DIR_PATH}/Podfile.lock\" \"${PODS_ROOT}/Manifest.lock\" > /dev/null\nif [ $? != 0 ] ; then\n    # print error to STDERR\n    echo \"error: The sandbox is not in sync with the Podfile.lock. Run 'pod install' or update your CocoaPods installation.\" >&2\n    exit 1\nfi\n# This output is used by Xcode 'outputs' to avoid re-running this script phase.\necho \"SUCCESS\" > \"${SCRIPT_OUTPUT_FILE_0}\"\n";
			showEnvVarsInLog = 0;
		};
/* End PBXShellScriptBuildPhase section */

/* Begin PBXSourcesBuildPhase section */
		1D5F93182A6A9E3200A4EECF /* Sources */ = {
			isa = PBXSourcesBuildPhase;
			buildActionMask = 2147483647;
			files = (
				1D116BFC2A7B899200E01570 /* ChangePasswordViewController.swift in Sources */,
				1D116C002A7D48B100E01570 /* TextFieldWithPadding.swift in Sources */,
				1D5F93242A6A9E3200A4EECF /* ViewController.swift in Sources */,
				1D5F93202A6A9E3200A4EECF /* AppDelegate.swift in Sources */,
				1D2C52342A7A2E0400EB6A24 /* PersonalDataViewController.swift in Sources */,
				1D116C042A7D498C00E01570 /* SignInViewController.swift in Sources */,
				1D66B9B62A7406B000D4F6ED /* LanguageViewController.swift in Sources */,
				1D5F933F2A6AC9DF00A4EECF /* MovieTableViewCell.swift in Sources */,
				1D5F93222A6A9E3200A4EECF /* SceneDelegate.swift in Sources */,
				1D66B9B42A74067700D4F6ED /* ProfileViewController.swift in Sources */,
				1D5F933D2A6AC96E00A4EECF /* FavoritesTableViewController.swift in Sources */,
				1D2C52362A7A8A0800EB6A24 /* LogOutViewController.swift in Sources */,
				1D5F93342A6AA24600A4EECF /* TabBar.swift in Sources */,
			);
			runOnlyForDeploymentPostprocessing = 0;
		};
/* End PBXSourcesBuildPhase section */

/* Begin PBXVariantGroup section */
		1D5F93252A6A9E3200A4EECF /* Main.storyboard */ = {
			isa = PBXVariantGroup;
			children = (
				1D5F93262A6A9E3200A4EECF /* Base */,
			);
			name = Main.storyboard;
			sourceTree = "<group>";
		};
		1D5F932A2A6A9E3300A4EECF /* LaunchScreen.storyboard */ = {
			isa = PBXVariantGroup;
			children = (
				1D5F932B2A6A9E3300A4EECF /* Base */,
			);
			name = LaunchScreen.storyboard;
			sourceTree = "<group>";
		};
		1D66B9BB2A77F21A00D4F6ED /* Localizable.strings */ = {
			isa = PBXVariantGroup;
			children = (
				1D66B9BA2A77F21A00D4F6ED /* en */,
				1D66B9BC2A77F27500D4F6ED /* ru */,
				1D66B9BD2A77F2AA00D4F6ED /* kk */,
			);
			name = Localizable.strings;
			sourceTree = "<group>";
		};
/* End PBXVariantGroup section */

/* Begin XCBuildConfiguration section */
		1D5F932E2A6A9E3300A4EECF /* Debug */ = {
			isa = XCBuildConfiguration;
			buildSettings = {
				ALWAYS_SEARCH_USER_PATHS = NO;
				CLANG_ANALYZER_LOCALIZABILITY_NONLOCALIZED = YES;
				CLANG_ANALYZER_NONNULL = YES;
				CLANG_ANALYZER_NUMBER_OBJECT_CONVERSION = YES_AGGRESSIVE;
				CLANG_CXX_LANGUAGE_STANDARD = "gnu++20";
				CLANG_ENABLE_MODULES = YES;
				CLANG_ENABLE_OBJC_ARC = YES;
				CLANG_ENABLE_OBJC_WEAK = YES;
				CLANG_WARN_BLOCK_CAPTURE_AUTORELEASING = YES;
				CLANG_WARN_BOOL_CONVERSION = YES;
				CLANG_WARN_COMMA = YES;
				CLANG_WARN_CONSTANT_CONVERSION = YES;
				CLANG_WARN_DEPRECATED_OBJC_IMPLEMENTATIONS = YES;
				CLANG_WARN_DIRECT_OBJC_ISA_USAGE = YES_ERROR;
				CLANG_WARN_DOCUMENTATION_COMMENTS = YES;
				CLANG_WARN_EMPTY_BODY = YES;
				CLANG_WARN_ENUM_CONVERSION = YES;
				CLANG_WARN_INFINITE_RECURSION = YES;
				CLANG_WARN_INT_CONVERSION = YES;
				CLANG_WARN_NON_LITERAL_NULL_CONVERSION = YES;
				CLANG_WARN_OBJC_IMPLICIT_RETAIN_SELF = YES;
				CLANG_WARN_OBJC_LITERAL_CONVERSION = YES;
				CLANG_WARN_OBJC_ROOT_CLASS = YES_ERROR;
				CLANG_WARN_QUOTED_INCLUDE_IN_FRAMEWORK_HEADER = YES;
				CLANG_WARN_RANGE_LOOP_ANALYSIS = YES;
				CLANG_WARN_STRICT_PROTOTYPES = YES;
				CLANG_WARN_SUSPICIOUS_MOVE = YES;
				CLANG_WARN_UNGUARDED_AVAILABILITY = YES_AGGRESSIVE;
				CLANG_WARN_UNREACHABLE_CODE = YES;
				CLANG_WARN__DUPLICATE_METHOD_MATCH = YES;
				COPY_PHASE_STRIP = NO;
				DEBUG_INFORMATION_FORMAT = dwarf;
				ENABLE_STRICT_OBJC_MSGSEND = YES;
				ENABLE_TESTABILITY = YES;
				GCC_C_LANGUAGE_STANDARD = gnu11;
				GCC_DYNAMIC_NO_PIC = NO;
				GCC_NO_COMMON_BLOCKS = YES;
				GCC_OPTIMIZATION_LEVEL = 0;
				GCC_PREPROCESSOR_DEFINITIONS = (
					"DEBUG=1",
					"$(inherited)",
				);
				GCC_WARN_64_TO_32_BIT_CONVERSION = YES;
				GCC_WARN_ABOUT_RETURN_TYPE = YES_ERROR;
				GCC_WARN_UNDECLARED_SELECTOR = YES;
				GCC_WARN_UNINITIALIZED_AUTOS = YES_AGGRESSIVE;
				GCC_WARN_UNUSED_FUNCTION = YES;
				GCC_WARN_UNUSED_VARIABLE = YES;
				IPHONEOS_DEPLOYMENT_TARGET = 16.4;
				MTL_ENABLE_DEBUG_INFO = INCLUDE_SOURCE;
				MTL_FAST_MATH = YES;
				ONLY_ACTIVE_ARCH = YES;
				SDKROOT = iphoneos;
				SWIFT_ACTIVE_COMPILATION_CONDITIONS = DEBUG;
				SWIFT_OPTIMIZATION_LEVEL = "-Onone";
			};
			name = Debug;
		};
		1D5F932F2A6A9E3300A4EECF /* Release */ = {
			isa = XCBuildConfiguration;
			buildSettings = {
				ALWAYS_SEARCH_USER_PATHS = NO;
				CLANG_ANALYZER_LOCALIZABILITY_NONLOCALIZED = YES;
				CLANG_ANALYZER_NONNULL = YES;
				CLANG_ANALYZER_NUMBER_OBJECT_CONVERSION = YES_AGGRESSIVE;
				CLANG_CXX_LANGUAGE_STANDARD = "gnu++20";
				CLANG_ENABLE_MODULES = YES;
				CLANG_ENABLE_OBJC_ARC = YES;
				CLANG_ENABLE_OBJC_WEAK = YES;
				CLANG_WARN_BLOCK_CAPTURE_AUTORELEASING = YES;
				CLANG_WARN_BOOL_CONVERSION = YES;
				CLANG_WARN_COMMA = YES;
				CLANG_WARN_CONSTANT_CONVERSION = YES;
				CLANG_WARN_DEPRECATED_OBJC_IMPLEMENTATIONS = YES;
				CLANG_WARN_DIRECT_OBJC_ISA_USAGE = YES_ERROR;
				CLANG_WARN_DOCUMENTATION_COMMENTS = YES;
				CLANG_WARN_EMPTY_BODY = YES;
				CLANG_WARN_ENUM_CONVERSION = YES;
				CLANG_WARN_INFINITE_RECURSION = YES;
				CLANG_WARN_INT_CONVERSION = YES;
				CLANG_WARN_NON_LITERAL_NULL_CONVERSION = YES;
				CLANG_WARN_OBJC_IMPLICIT_RETAIN_SELF = YES;
				CLANG_WARN_OBJC_LITERAL_CONVERSION = YES;
				CLANG_WARN_OBJC_ROOT_CLASS = YES_ERROR;
				CLANG_WARN_QUOTED_INCLUDE_IN_FRAMEWORK_HEADER = YES;
				CLANG_WARN_RANGE_LOOP_ANALYSIS = YES;
				CLANG_WARN_STRICT_PROTOTYPES = YES;
				CLANG_WARN_SUSPICIOUS_MOVE = YES;
				CLANG_WARN_UNGUARDED_AVAILABILITY = YES_AGGRESSIVE;
				CLANG_WARN_UNREACHABLE_CODE = YES;
				CLANG_WARN__DUPLICATE_METHOD_MATCH = YES;
				COPY_PHASE_STRIP = NO;
				DEBUG_INFORMATION_FORMAT = "dwarf-with-dsym";
				ENABLE_NS_ASSERTIONS = NO;
				ENABLE_STRICT_OBJC_MSGSEND = YES;
				GCC_C_LANGUAGE_STANDARD = gnu11;
				GCC_NO_COMMON_BLOCKS = YES;
				GCC_WARN_64_TO_32_BIT_CONVERSION = YES;
				GCC_WARN_ABOUT_RETURN_TYPE = YES_ERROR;
				GCC_WARN_UNDECLARED_SELECTOR = YES;
				GCC_WARN_UNINITIALIZED_AUTOS = YES_AGGRESSIVE;
				GCC_WARN_UNUSED_FUNCTION = YES;
				GCC_WARN_UNUSED_VARIABLE = YES;
				IPHONEOS_DEPLOYMENT_TARGET = 16.4;
				MTL_ENABLE_DEBUG_INFO = NO;
				MTL_FAST_MATH = YES;
				SDKROOT = iphoneos;
				SWIFT_COMPILATION_MODE = wholemodule;
				SWIFT_OPTIMIZATION_LEVEL = "-O";
				VALIDATE_PRODUCT = YES;
			};
			name = Release;
		};
		1D5F93312A6A9E3300A4EECF /* Debug */ = {
			isa = XCBuildConfiguration;
			baseConfigurationReference = 00614CC15507736AFF21919E /* Pods-OZINSHE.debug.xcconfig */;
			buildSettings = {
				ASSETCATALOG_COMPILER_APPICON_NAME = AppIcon;
				ASSETCATALOG_COMPILER_GLOBAL_ACCENT_COLOR_NAME = AccentColor;
				CODE_SIGN_STYLE = Automatic;
				CURRENT_PROJECT_VERSION = 1;
				DEVELOPMENT_TEAM = 5JGS5Y3M6D;
				GENERATE_INFOPLIST_FILE = YES;
				INFOPLIST_FILE = OZINSHE/Info.plist;
				INFOPLIST_KEY_UIApplicationSupportsIndirectInputEvents = YES;
				INFOPLIST_KEY_UILaunchStoryboardName = LaunchScreen;
				INFOPLIST_KEY_UIMainStoryboardFile = Main;
				INFOPLIST_KEY_UISupportedInterfaceOrientations_iPad = "UIInterfaceOrientationPortrait UIInterfaceOrientationPortraitUpsideDown UIInterfaceOrientationLandscapeLeft UIInterfaceOrientationLandscapeRight";
				INFOPLIST_KEY_UISupportedInterfaceOrientations_iPhone = "UIInterfaceOrientationPortrait UIInterfaceOrientationLandscapeLeft UIInterfaceOrientationLandscapeRight";
				LD_RUNPATH_SEARCH_PATHS = (
					"$(inherited)",
					"@executable_path/Frameworks",
				);
				MARKETING_VERSION = 1.0;
				PRODUCT_BUNDLE_IDENTIFIER = com.example.OZINSHE;
				PRODUCT_NAME = "$(TARGET_NAME)";
				SWIFT_EMIT_LOC_STRINGS = YES;
				SWIFT_VERSION = 5.0;
				TARGETED_DEVICE_FAMILY = "1,2";
			};
			name = Debug;
		};
		1D5F93322A6A9E3300A4EECF /* Release */ = {
			isa = XCBuildConfiguration;
			baseConfigurationReference = 84D0F2518D8341EBDF5A1D49 /* Pods-OZINSHE.release.xcconfig */;
			buildSettings = {
				ASSETCATALOG_COMPILER_APPICON_NAME = AppIcon;
				ASSETCATALOG_COMPILER_GLOBAL_ACCENT_COLOR_NAME = AccentColor;
				CODE_SIGN_STYLE = Automatic;
				CURRENT_PROJECT_VERSION = 1;
				DEVELOPMENT_TEAM = 5JGS5Y3M6D;
				GENERATE_INFOPLIST_FILE = YES;
				INFOPLIST_FILE = OZINSHE/Info.plist;
				INFOPLIST_KEY_UIApplicationSupportsIndirectInputEvents = YES;
				INFOPLIST_KEY_UILaunchStoryboardName = LaunchScreen;
				INFOPLIST_KEY_UIMainStoryboardFile = Main;
				INFOPLIST_KEY_UISupportedInterfaceOrientations_iPad = "UIInterfaceOrientationPortrait UIInterfaceOrientationPortraitUpsideDown UIInterfaceOrientationLandscapeLeft UIInterfaceOrientationLandscapeRight";
				INFOPLIST_KEY_UISupportedInterfaceOrientations_iPhone = "UIInterfaceOrientationPortrait UIInterfaceOrientationLandscapeLeft UIInterfaceOrientationLandscapeRight";
				LD_RUNPATH_SEARCH_PATHS = (
					"$(inherited)",
					"@executable_path/Frameworks",
				);
				MARKETING_VERSION = 1.0;
				PRODUCT_BUNDLE_IDENTIFIER = com.example.OZINSHE;
				PRODUCT_NAME = "$(TARGET_NAME)";
				SWIFT_EMIT_LOC_STRINGS = YES;
				SWIFT_VERSION = 5.0;
				TARGETED_DEVICE_FAMILY = "1,2";
			};
			name = Release;
		};
/* End XCBuildConfiguration section */

/* Begin XCConfigurationList section */
		1D5F93172A6A9E3200A4EECF /* Build configuration list for PBXProject "OZINSHE" */ = {
			isa = XCConfigurationList;
			buildConfigurations = (
				1D5F932E2A6A9E3300A4EECF /* Debug */,
				1D5F932F2A6A9E3300A4EECF /* Release */,
			);
			defaultConfigurationIsVisible = 0;
			defaultConfigurationName = Release;
		};
		1D5F93302A6A9E3300A4EECF /* Build configuration list for PBXNativeTarget "OZINSHE" */ = {
			isa = XCConfigurationList;
			buildConfigurations = (
				1D5F93312A6A9E3300A4EECF /* Debug */,
				1D5F93322A6A9E3300A4EECF /* Release */,
			);
			defaultConfigurationIsVisible = 0;
			defaultConfigurationName = Release;
		};
/* End XCConfigurationList section */
	};
	rootObject = 1D5F93142A6A9E3200A4EECF /* Project object */;
}
